
Microsoft Visual Studio Solution File, Format Version 12.00
# Visual Studio Version 17
VisualStudioVersion = 17.14.36301.6 d17.14
MinimumVisualStudioVersion = 10.0.40219.1
Project("{FAE04EC0-301F-11D3-BF4B-00C04F79EFBC}") = "Simulate", "Simulate\Simulate.csproj", "{FBA3FB6F-6866-4712-B3BE-D4766029AA3A}"
EndProject
Project("{FAE04EC0-301F-11D3-BF4B-00C04F79EFBC}") = "Simulate.Tests", "Simulate.Tests\Simulate.Tests.csproj", "{D2B83E52-11B1-409D-80E8-B02F54A748D6}"
EndProject
Global
	GlobalSection(SolutionConfigurationPlatforms) = preSolution
		Debug|Any CPU = Debug|Any CPU
		Release|Any CPU = Release|Any CPU
	EndGlobalSection
	GlobalSection(ProjectConfigurationPlatforms) = postSolution
		{FBA3FB6F-6866-4712-B3BE-D4766029AA3A}.Debug|Any CPU.ActiveCfg = Debug|Any CPU
		{FBA3FB6F-6866-4712-B3BE-D4766029AA3A}.Debug|Any CPU.Build.0 = Debug|Any CPU
		{FBA3FB6F-6866-4712-B3BE-D4766029AA3A}.Release|Any CPU.ActiveCfg = Release|Any CPU
		{FBA3FB6F-6866-4712-B3BE-D4766029AA3A}.Release|Any CPU.Build.0 = Release|Any CPU
		{D2B83E52-11B1-409D-80E8-B02F54A748D6}.Debug|Any CPU.ActiveCfg = Debug|Any CPU
		{D2B83E52-11B1-409D-80E8-B02F54A748D6}.Debug|Any CPU.Build.0 = Debug|Any CPU
		{D2B83E52-11B1-409D-80E8-B02F54A748D6}.Release|Any CPU.ActiveCfg = Release|Any CPU
		{D2B83E52-11B1-409D-80E8-B02F54A748D6}.Release|Any CPU.Build.0 = Release|Any CPU
	EndGlobalSection
	GlobalSection(SolutionProperties) = preSolution
		HideSolutionNode = FALSE
	EndGlobalSection
	GlobalSection(ExtensibilityGlobals) = postSolution
		SolutionGuid = {C5C40540-46CE-4438-8A23-635FAA467275}
	EndGlobalSection
EndGlobal
